
Microsoft Visual Studio Solution File, Format Version 12.00
# Visual Studio Version 16
VisualStudioVersion = 16.0.31321.278
MinimumVisualStudioVersion = 10.0.40219.1
Project("{9A19103F-16F7-4668-BE54-9A1E7A4F7556}") = "UrbanMediMart", "UrbanMediMart.csproj", "{C5CF25DB-DDE9-496A-96D3-30AD2F58BAC0}"
EndProject
Global
	GlobalSection(SolutionConfigurationPlatforms) = preSolution
		Debug|Any CPU = Debug|Any CPU
		Release|Any CPU = Release|Any CPU
	EndGlobalSection
	GlobalSection(ProjectConfigurationPlatforms) = postSolution
		{C5CF25DB-DDE9-496A-96D3-30AD2F58BAC0}.Debug|Any CPU.ActiveCfg = Debug|Any CPU
		{C5CF25DB-DDE9-496A-96D3-30AD2F58BAC0}.Debug|Any CPU.Build.0 = Debug|Any CPU
		{C5CF25DB-DDE9-496A-96D3-30AD2F58BAC0}.Release|Any CPU.ActiveCfg = Release|Any CPU
		{C5CF25DB-DDE9-496A-96D3-30AD2F58BAC0}.Release|Any CPU.Build.0 = Release|Any CPU
	EndGlobalSection
	GlobalSection(SolutionProperties) = preSolution
		HideSolutionNode = FALSE
	EndGlobalSection
	GlobalSection(ExtensibilityGlobals) = postSolution
		SolutionGuid = {5C87D986-944B-4678-9548-E6CD5443382A}
	EndGlobalSection
EndGlobal
